<?xml version="1.0" encoding="utf-8"?>
<Project ToolsVersion="15.0" xmlns="http://schemas.microsoft.com/developer/msbuild/2003">
  <ItemGroup>
    <ClCompile Include="basictypes_test.cc">
      <Filter>Source Files</Filter>
    </ClCompile>
    <ClCompile Include="color_test.cc">
      <Filter>Source Files</Filter>
    </ClCompile>
    <ClCompile Include="compare_test.cc">
      <Filter>Source Files</Filter>
    </ClCompile>
    <ClCompile Include="convert_test.cc">
      <Filter>Source Files</Filter>
    </ClCompile>
    <ClCompile Include="cpu_test.cc">
      <Filter>Source Files</Filter>
    </ClCompile>
    <ClCompile Include="cpu_thread_test.cc">
      <Filter>Source Files</Filter>
    </ClCompile>
    <ClCompile Include="math_test.cc">
      <Filter>Source Files</Filter>
    </ClCompile>
    <ClCompile Include="planar_test.cc">
      <Filter>Source Files</Filter>
    </ClCompile>
    <ClCompile Include="rotate_argb_test.cc">
      <Filter>Source Files</Filter>
    </ClCompile>
    <ClCompile Include="rotate_test.cc">
      <Filter>Source Files</Filter>
    </ClCompile>
    <ClCompile Include="scale_argb_test.cc">
      <Filter>Source Files</Filter>
    </ClCompile>
    <ClCompile Include="scale_rgb_test.cc">
      <Filter>Source Files</Filter>
    </ClCompile>
    <ClCompile Include="scale_test.cc">
      <Filter>Source Files</Filter>
    </ClCompile>
    <ClCompile Include="scale_uv_test.cc">
      <Filter>Source Files</Filter>
    </ClCompile>
    <ClCompile Include="unit_test.cc">
      <Filter>Source Files</Filter>
    </ClCompile>
    <ClCompile Include="video_common_test.cc">
      <Filter>Source Files</Filter>
    </ClCompile>
  </ItemGroup>

  <ItemGroup>
    <Filter Include="Source Files">
      <UniqueIdentifier>{F2682E4E-6167-35FB-BBE9-85A4A59D7FBA}</UniqueIdentifier>
    </Filter>
  </ItemGroup>
</Project>
