
Microsoft Visual Studio Solution File, Format Version 12.00
# Visual Studio 15
VisualStudioVersion = 15.0.28307.2092
MinimumVisualStudioVersion = 10.0.40219.1
Project("{2150E333-8FDC-42A3-9474-1A3956D46DE8}") = "0_thirdparty", "0_thirdparty", "{54706000-0803-462D-95AF-04EE03530F85}"
EndProject
Project("{8BC9CEB8-8B4A-11D0-8D11-00A0C91BC942}") = "libyuv", "thirdparty\yuv\libyuv.vcxproj", "{B4021FE7-4CA7-3E2C-AD0F-4B6B1A473B83}"
EndProject
Project("{8BC9CEB8-8B4A-11D0-8D11-00A0C91BC942}") = "yuv", "thirdparty\yuv\yuv.vcxproj", "{C84EBCE9-8D43-3F01-8B86-C015A6A074F6}"
EndProject
Project("{8BC9CEB8-8B4A-11D0-8D11-00A0C91BC942}") = "yuvconvert", "demo\util\yuvconvert\yuvconvert.vcxproj", "{012B669C-3B01-3D66-AC43-2F08C80F2711}"
EndProject
Project("{8BC9CEB8-8B4A-11D0-8D11-00A0C91BC942}") = "color", "demo\util\color\color.vcxproj", "{B48D3443-5BA7-44CC-ADF9-A878301EF9B7}"
EndProject
Project("{8BC9CEB8-8B4A-11D0-8D11-00A0C91BC942}") = "compare", "demo\util\compare\compare.vcxproj", "{EF56FA28-3F50-4A57-9054-5E078B4D4621}"
EndProject
Project("{8BC9CEB8-8B4A-11D0-8D11-00A0C91BC942}") = "cpuid", "demo\util\cpuid\cpuid.vcxproj", "{4C8BA87D-B19B-4E81-8195-6838790A43D1}"
EndProject
Project("{8BC9CEB8-8B4A-11D0-8D11-00A0C91BC942}") = "i444tonv12_eg", "demo\util\i444tonv12_eg\i444tonv12_eg.vcxproj", "{A1FA4342-8277-4EDF-891B-37EF79B0474A}"
EndProject
Project("{8BC9CEB8-8B4A-11D0-8D11-00A0C91BC942}") = "psnr_main", "demo\util\psnr_main\psnr_main.vcxproj", "{A5ACB7D3-AC45-45DE-901A-C5FCFAC0C5CB}"
EndProject
Project("{8BC9CEB8-8B4A-11D0-8D11-00A0C91BC942}") = "yuvconstants", "demo\util\yuvconstants\yuvconstants.vcxproj", "{08D78FFE-BB93-45E3-AED6-88B7713E6240}"
EndProject
Project("{2150E333-8FDC-42A3-9474-1A3956D46DE8}") = "0_lib", "0_lib", "{9AE9DEDD-9951-49C0-9DAE-7CFAA24C7CCB}"
EndProject
Project("{2150E333-8FDC-42A3-9474-1A3956D46DE8}") = "1_dll", "1_dll", "{80EB7356-87CC-431A-B792-BAB5D1F5D224}"
EndProject
Project("{2150E333-8FDC-42A3-9474-1A3956D46DE8}") = "1_demo", "1_demo", "{DBF8F56F-A4B4-4B6D-8F68-416086B53455}"
EndProject
Project("{2150E333-8FDC-42A3-9474-1A3956D46DE8}") = "util", "util", "{FFF7C56C-A526-40E5-8752-4A3425BD1097}"
EndProject
Project("{2150E333-8FDC-42A3-9474-1A3956D46DE8}") = "unit_test", "unit_test", "{3530B79B-EF90-4BD6-8D8C-7840E699B9AE}"
EndProject
Project("{8BC9CEB8-8B4A-11D0-8D11-00A0C91BC942}") = "libyuv_unittest", "demo\unit_test\libyuv_unittest.vcxproj", "{FBFC6E05-0EFC-3E27-91AF-93AC1FE7083E}"
EndProject
Project("{8BC9CEB8-8B4A-11D0-8D11-00A0C91BC942}") = "libgtest", "thirdparty\gtest-1.7.0\libgtest.vcxproj", "{5C9D932F-26EC-436B-9ADA-949866775887}"
EndProject
Global
	GlobalSection(SolutionConfigurationPlatforms) = preSolution
		Debug|x64 = Debug|x64
		Release|x64 = Release|x64
	EndGlobalSection
	GlobalSection(ProjectConfigurationPlatforms) = postSolution
		{B4021FE7-4CA7-3E2C-AD0F-4B6B1A473B83}.Debug|x64.ActiveCfg = Debug|x64
		{B4021FE7-4CA7-3E2C-AD0F-4B6B1A473B83}.Debug|x64.Build.0 = Debug|x64
		{B4021FE7-4CA7-3E2C-AD0F-4B6B1A473B83}.Release|x64.ActiveCfg = Release|x64
		{B4021FE7-4CA7-3E2C-AD0F-4B6B1A473B83}.Release|x64.Build.0 = Release|x64
		{C84EBCE9-8D43-3F01-8B86-C015A6A074F6}.Debug|x64.ActiveCfg = Debug|x64
		{C84EBCE9-8D43-3F01-8B86-C015A6A074F6}.Debug|x64.Build.0 = Debug|x64
		{C84EBCE9-8D43-3F01-8B86-C015A6A074F6}.Release|x64.ActiveCfg = Release|x64
		{C84EBCE9-8D43-3F01-8B86-C015A6A074F6}.Release|x64.Build.0 = Release|x64
		{012B669C-3B01-3D66-AC43-2F08C80F2711}.Debug|x64.ActiveCfg = Debug|x64
		{012B669C-3B01-3D66-AC43-2F08C80F2711}.Debug|x64.Build.0 = Debug|x64
		{012B669C-3B01-3D66-AC43-2F08C80F2711}.Release|x64.ActiveCfg = Release|x64
		{012B669C-3B01-3D66-AC43-2F08C80F2711}.Release|x64.Build.0 = Release|x64
		{B48D3443-5BA7-44CC-ADF9-A878301EF9B7}.Debug|x64.ActiveCfg = Debug|x64
		{B48D3443-5BA7-44CC-ADF9-A878301EF9B7}.Debug|x64.Build.0 = Debug|x64
		{B48D3443-5BA7-44CC-ADF9-A878301EF9B7}.Release|x64.ActiveCfg = Release|x64
		{B48D3443-5BA7-44CC-ADF9-A878301EF9B7}.Release|x64.Build.0 = Release|x64
		{EF56FA28-3F50-4A57-9054-5E078B4D4621}.Debug|x64.ActiveCfg = Debug|x64
		{EF56FA28-3F50-4A57-9054-5E078B4D4621}.Debug|x64.Build.0 = Debug|x64
		{EF56FA28-3F50-4A57-9054-5E078B4D4621}.Release|x64.ActiveCfg = Release|x64
		{EF56FA28-3F50-4A57-9054-5E078B4D4621}.Release|x64.Build.0 = Release|x64
		{4C8BA87D-B19B-4E81-8195-6838790A43D1}.Debug|x64.ActiveCfg = Debug|x64
		{4C8BA87D-B19B-4E81-8195-6838790A43D1}.Debug|x64.Build.0 = Debug|x64
		{4C8BA87D-B19B-4E81-8195-6838790A43D1}.Release|x64.ActiveCfg = Release|x64
		{4C8BA87D-B19B-4E81-8195-6838790A43D1}.Release|x64.Build.0 = Release|x64
		{A1FA4342-8277-4EDF-891B-37EF79B0474A}.Debug|x64.ActiveCfg = Debug|x64
		{A1FA4342-8277-4EDF-891B-37EF79B0474A}.Debug|x64.Build.0 = Debug|x64
		{A1FA4342-8277-4EDF-891B-37EF79B0474A}.Release|x64.ActiveCfg = Release|x64
		{A1FA4342-8277-4EDF-891B-37EF79B0474A}.Release|x64.Build.0 = Release|x64
		{A5ACB7D3-AC45-45DE-901A-C5FCFAC0C5CB}.Debug|x64.ActiveCfg = Debug|x64
		{A5ACB7D3-AC45-45DE-901A-C5FCFAC0C5CB}.Debug|x64.Build.0 = Debug|x64
		{A5ACB7D3-AC45-45DE-901A-C5FCFAC0C5CB}.Release|x64.ActiveCfg = Release|x64
		{A5ACB7D3-AC45-45DE-901A-C5FCFAC0C5CB}.Release|x64.Build.0 = Release|x64
		{08D78FFE-BB93-45E3-AED6-88B7713E6240}.Debug|x64.ActiveCfg = Debug|x64
		{08D78FFE-BB93-45E3-AED6-88B7713E6240}.Debug|x64.Build.0 = Debug|x64
		{08D78FFE-BB93-45E3-AED6-88B7713E6240}.Release|x64.ActiveCfg = Release|x64
		{08D78FFE-BB93-45E3-AED6-88B7713E6240}.Release|x64.Build.0 = Release|x64
		{FBFC6E05-0EFC-3E27-91AF-93AC1FE7083E}.Debug|x64.ActiveCfg = Debug|x64
		{FBFC6E05-0EFC-3E27-91AF-93AC1FE7083E}.Debug|x64.Build.0 = Debug|x64
		{FBFC6E05-0EFC-3E27-91AF-93AC1FE7083E}.Release|x64.ActiveCfg = Release|x64
		{FBFC6E05-0EFC-3E27-91AF-93AC1FE7083E}.Release|x64.Build.0 = Release|x64
		{5C9D932F-26EC-436B-9ADA-949866775887}.Debug|x64.ActiveCfg = Debug|x64
		{5C9D932F-26EC-436B-9ADA-949866775887}.Debug|x64.Build.0 = Debug|x64
		{5C9D932F-26EC-436B-9ADA-949866775887}.Release|x64.ActiveCfg = Release|x64
		{5C9D932F-26EC-436B-9ADA-949866775887}.Release|x64.Build.0 = Release|x64
	EndGlobalSection
	GlobalSection(SolutionProperties) = preSolution
		HideSolutionNode = FALSE
	EndGlobalSection
	GlobalSection(NestedProjects) = preSolution
		{B4021FE7-4CA7-3E2C-AD0F-4B6B1A473B83} = {9AE9DEDD-9951-49C0-9DAE-7CFAA24C7CCB}
		{C84EBCE9-8D43-3F01-8B86-C015A6A074F6} = {80EB7356-87CC-431A-B792-BAB5D1F5D224}
		{012B669C-3B01-3D66-AC43-2F08C80F2711} = {FFF7C56C-A526-40E5-8752-4A3425BD1097}
		{B48D3443-5BA7-44CC-ADF9-A878301EF9B7} = {FFF7C56C-A526-40E5-8752-4A3425BD1097}
		{EF56FA28-3F50-4A57-9054-5E078B4D4621} = {FFF7C56C-A526-40E5-8752-4A3425BD1097}
		{4C8BA87D-B19B-4E81-8195-6838790A43D1} = {FFF7C56C-A526-40E5-8752-4A3425BD1097}
		{A1FA4342-8277-4EDF-891B-37EF79B0474A} = {FFF7C56C-A526-40E5-8752-4A3425BD1097}
		{A5ACB7D3-AC45-45DE-901A-C5FCFAC0C5CB} = {FFF7C56C-A526-40E5-8752-4A3425BD1097}
		{08D78FFE-BB93-45E3-AED6-88B7713E6240} = {FFF7C56C-A526-40E5-8752-4A3425BD1097}
		{9AE9DEDD-9951-49C0-9DAE-7CFAA24C7CCB} = {54706000-0803-462D-95AF-04EE03530F85}
		{80EB7356-87CC-431A-B792-BAB5D1F5D224} = {54706000-0803-462D-95AF-04EE03530F85}
		{FFF7C56C-A526-40E5-8752-4A3425BD1097} = {DBF8F56F-A4B4-4B6D-8F68-416086B53455}
		{3530B79B-EF90-4BD6-8D8C-7840E699B9AE} = {DBF8F56F-A4B4-4B6D-8F68-416086B53455}
		{FBFC6E05-0EFC-3E27-91AF-93AC1FE7083E} = {3530B79B-EF90-4BD6-8D8C-7840E699B9AE}
		{5C9D932F-26EC-436B-9ADA-949866775887} = {9AE9DEDD-9951-49C0-9DAE-7CFAA24C7CCB}
	EndGlobalSection
	GlobalSection(ExtensibilityGlobals) = postSolution
		SolutionGuid = {0CE20743-F2D9-3ABF-A6BA-715406749DF0}
	EndGlobalSection
EndGlobal
